
Microsoft Visual Studio Solution File, Format Version 12.00
# Visual Studio Version 17
VisualStudioVersion = 17.11.35222.181
MinimumVisualStudioVersion = 10.0.40219.1
Project("{8BC9CEB8-8B4A-11D0-8D11-00A0C91BC942}") = "12.4", "12.4\12.4.vcxproj", "{73C05134-8E45-45DC-85E4-4756DB7A1AF9}"
EndProject
Project("{2150E333-8FDC-42A3-9474-1A3956D46DE8}") = "Solution Items", "Solution Items", "{704EF0BF-E4CC-4B88-B8AD-22B248DEA986}"
EndProject
Project("{8BC9CEB8-8B4A-11D0-8D11-00A0C91BC942}") = "UnitTest124", "UnitTest124\UnitTest124.vcxproj", "{EE87345B-1805-4E94-A2FB-D07553BC7CAB}"
EndProject
Global
	GlobalSection(SolutionConfigurationPlatforms) = preSolution
		Debug|x64 = Debug|x64
		Debug|x86 = Debug|x86
		Release|x64 = Release|x64
		Release|x86 = Release|x86
	EndGlobalSection
	GlobalSection(ProjectConfigurationPlatforms) = postSolution
		{73C05134-8E45-45DC-85E4-4756DB7A1AF9}.Debug|x64.ActiveCfg = Debug|x64
		{73C05134-8E45-45DC-85E4-4756DB7A1AF9}.Debug|x64.Build.0 = Debug|x64
		{73C05134-8E45-45DC-85E4-4756DB7A1AF9}.Debug|x86.ActiveCfg = Debug|Win32
		{73C05134-8E45-45DC-85E4-4756DB7A1AF9}.Debug|x86.Build.0 = Debug|Win32
		{73C05134-8E45-45DC-85E4-4756DB7A1AF9}.Release|x64.ActiveCfg = Release|x64
		{73C05134-8E45-45DC-85E4-4756DB7A1AF9}.Release|x64.Build.0 = Release|x64
		{73C05134-8E45-45DC-85E4-4756DB7A1AF9}.Release|x86.ActiveCfg = Release|Win32
		{73C05134-8E45-45DC-85E4-4756DB7A1AF9}.Release|x86.Build.0 = Release|Win32
		{EE87345B-1805-4E94-A2FB-D07553BC7CAB}.Debug|x64.ActiveCfg = Debug|x64
		{EE87345B-1805-4E94-A2FB-D07553BC7CAB}.Debug|x64.Build.0 = Debug|x64
		{EE87345B-1805-4E94-A2FB-D07553BC7CAB}.Debug|x86.ActiveCfg = Debug|Win32
		{EE87345B-1805-4E94-A2FB-D07553BC7CAB}.Debug|x86.Build.0 = Debug|Win32
		{EE87345B-1805-4E94-A2FB-D07553BC7CAB}.Release|x64.ActiveCfg = Release|x64
		{EE87345B-1805-4E94-A2FB-D07553BC7CAB}.Release|x64.Build.0 = Release|x64
		{EE87345B-1805-4E94-A2FB-D07553BC7CAB}.Release|x86.ActiveCfg = Release|Win32
		{EE87345B-1805-4E94-A2FB-D07553BC7CAB}.Release|x86.Build.0 = Release|Win32
	EndGlobalSection
	GlobalSection(SolutionProperties) = preSolution
		HideSolutionNode = FALSE
	EndGlobalSection
	GlobalSection(ExtensibilityGlobals) = postSolution
		SolutionGuid = {85143078-291B-43A7-88B3-AAC691B1EAF0}
	EndGlobalSection
EndGlobal
